
Microsoft Visual Studio Solution File, Format Version 12.00
# Visual Studio Version 16
VisualStudioVersion = 16.0.29230.47
MinimumVisualStudioVersion = 10.0.40219.1
Project("{FAE04EC0-301F-11D3-BF4B-00C04F79EFBC}") = "SimpleMmoServer", "SimpleMmoServer\SimpleMmoServer.csproj", "{3B49F0C3-8B74-484D-9F1D-BF45A998B22E}"
EndProject
Project("{FAE04EC0-301F-11D3-BF4B-00C04F79EFBC}") = "SimpleMmoCommon", "SimpleMmoCommon\SimpleMmoCommon.csproj", "{F84E6C8A-5833-4774-9DCF-F51268029E77}"
EndProject
Global
	GlobalSection(SolutionConfigurationPlatforms) = preSolution
		Debug|Any CPU = Debug|Any CPU
		DOUBLE|Any CPU = DOUBLE|Any CPU
		FLOAT|Any CPU = FLOAT|Any CPU
		Release|Any CPU = Release|Any CPU
	EndGlobalSection
	GlobalSection(ProjectConfigurationPlatforms) = postSolution
		{3B49F0C3-8B74-484D-9F1D-BF45A998B22E}.Debug|Any CPU.ActiveCfg = Debug|Any CPU
		{3B49F0C3-8B74-484D-9F1D-BF45A998B22E}.Debug|Any CPU.Build.0 = Debug|Any CPU
		{3B49F0C3-8B74-484D-9F1D-BF45A998B22E}.DOUBLE|Any CPU.ActiveCfg = DOUBLE|Any CPU
		{3B49F0C3-8B74-484D-9F1D-BF45A998B22E}.DOUBLE|Any CPU.Build.0 = DOUBLE|Any CPU
		{3B49F0C3-8B74-484D-9F1D-BF45A998B22E}.FLOAT|Any CPU.ActiveCfg = FLOAT|Any CPU
		{3B49F0C3-8B74-484D-9F1D-BF45A998B22E}.FLOAT|Any CPU.Build.0 = FLOAT|Any CPU
		{3B49F0C3-8B74-484D-9F1D-BF45A998B22E}.Release|Any CPU.ActiveCfg = Release|Any CPU
		{3B49F0C3-8B74-484D-9F1D-BF45A998B22E}.Release|Any CPU.Build.0 = Release|Any CPU
		{F84E6C8A-5833-4774-9DCF-F51268029E77}.Debug|Any CPU.ActiveCfg = Debug|Any CPU
		{F84E6C8A-5833-4774-9DCF-F51268029E77}.Debug|Any CPU.Build.0 = Debug|Any CPU
		{F84E6C8A-5833-4774-9DCF-F51268029E77}.DOUBLE|Any CPU.ActiveCfg = DOUBLE|Any CPU
		{F84E6C8A-5833-4774-9DCF-F51268029E77}.DOUBLE|Any CPU.Build.0 = DOUBLE|Any CPU
		{F84E6C8A-5833-4774-9DCF-F51268029E77}.FLOAT|Any CPU.ActiveCfg = FLOAT|Any CPU
		{F84E6C8A-5833-4774-9DCF-F51268029E77}.FLOAT|Any CPU.Build.0 = FLOAT|Any CPU
		{F84E6C8A-5833-4774-9DCF-F51268029E77}.Release|Any CPU.ActiveCfg = Release|Any CPU
		{F84E6C8A-5833-4774-9DCF-F51268029E77}.Release|Any CPU.Build.0 = Release|Any CPU
	EndGlobalSection
	GlobalSection(SolutionProperties) = preSolution
		HideSolutionNode = FALSE
	EndGlobalSection
	GlobalSection(ExtensibilityGlobals) = postSolution
		SolutionGuid = {5DCDFA65-5CAC-4843-9378-60AE98B39332}
	EndGlobalSection
EndGlobal
