
Microsoft Visual Studio Solution File, Format Version 11.00
# Visual Studio 2010
Project("{FAE04EC0-301F-11D3-BF4B-00C04F79EFBC}") = "Assembly-CSharp", "Assembly-CSharp.csproj", "{2f2aae2f-d62b-dbe4-6727-f529a8236c32}"
EndProject
Project("{FAE04EC0-301F-11D3-BF4B-00C04F79EFBC}") = "Assembly-CSharp-Editor", "Assembly-CSharp-Editor.csproj", "{0cc3a251-a748-a054-ffb9-dd278bc01877}"
EndProject
Global
	GlobalSection(SolutionConfigurationPlatforms) = preSolution
		Debug|Any CPU = Debug|Any CPU
	EndGlobalSection
	GlobalSection(ProjectConfigurationPlatforms) = postSolution
		{2f2aae2f-d62b-dbe4-6727-f529a8236c32}.Debug|Any CPU.ActiveCfg = Debug|Any CPU
		{2f2aae2f-d62b-dbe4-6727-f529a8236c32}.Debug|Any CPU.Build.0 = Debug|Any CPU
		{0cc3a251-a748-a054-ffb9-dd278bc01877}.Debug|Any CPU.ActiveCfg = Debug|Any CPU
		{0cc3a251-a748-a054-ffb9-dd278bc01877}.Debug|Any CPU.Build.0 = Debug|Any CPU
	EndGlobalSection
	GlobalSection(SolutionProperties) = preSolution
		HideSolutionNode = FALSE
	EndGlobalSection
EndGlobal
