
Microsoft Visual Studio Solution File, Format Version 12.00
# Visual Studio 16
Project("{FAE04EC0-301F-11D3-BF4B-00C04F79EFBC}") = "Assembly-CSharp", "Assembly-CSharp.csproj", "{2FAE2A2F-2BD6-E4DB-6727-F529A8236C32}"
EndProject
Project("{FAE04EC0-301F-11D3-BF4B-00C04F79EFBC}") = "Assembly-CSharp-Editor", "Assembly-CSharp-Editor.csproj", "{51A2C30C-48A7-54A0-FFB9-DD278BC01877}"
EndProject
Global
	GlobalSection(SolutionConfigurationPlatforms) = preSolution
		Debug|Any CPU = Debug|Any CPU
		Release|Any CPU = Release|Any CPU
	EndGlobalSection
	GlobalSection(ProjectConfigurationPlatforms) = postSolution
		{2FAE2A2F-2BD6-E4DB-6727-F529A8236C32}.Debug|Any CPU.ActiveCfg = Debug|Any CPU
		{2FAE2A2F-2BD6-E4DB-6727-F529A8236C32}.Debug|Any CPU.Build.0 = Debug|Any CPU
		{2FAE2A2F-2BD6-E4DB-6727-F529A8236C32}.Release|Any CPU.ActiveCfg = Release|Any CPU
		{2FAE2A2F-2BD6-E4DB-6727-F529A8236C32}.Release|Any CPU.Build.0 = Release|Any CPU
		{51A2C30C-48A7-54A0-FFB9-DD278BC01877}.Debug|Any CPU.ActiveCfg = Debug|Any CPU
		{51A2C30C-48A7-54A0-FFB9-DD278BC01877}.Debug|Any CPU.Build.0 = Debug|Any CPU
		{51A2C30C-48A7-54A0-FFB9-DD278BC01877}.Release|Any CPU.ActiveCfg = Release|Any CPU
		{51A2C30C-48A7-54A0-FFB9-DD278BC01877}.Release|Any CPU.Build.0 = Release|Any CPU
	EndGlobalSection
	GlobalSection(SolutionProperties) = preSolution
		HideSolutionNode = FALSE
	EndGlobalSection
EndGlobal
